
Microsoft Visual Studio Solution File, Format Version 12.00
Project("{FAE04EC0-301F-11D3-BF4B-00C04F79EFBC}") = "MapperProjectionBenchmarks", "MapperProjectionBenchmarks\MapperProjectionBenchmarks.csproj", "{1A9B628B-37F9-4864-8B78-45513BE01A55}"
EndProject
Global
	GlobalSection(SolutionConfigurationPlatforms) = preSolution
		Debug|Any CPU = Debug|Any CPU
		Release|Any CPU = Release|Any CPU
	EndGlobalSection
	GlobalSection(ProjectConfigurationPlatforms) = postSolution
		{1A9B628B-37F9-4864-8B78-45513BE01A55}.Debug|Any CPU.ActiveCfg = Debug|Any CPU
		{1A9B628B-37F9-4864-8B78-45513BE01A55}.Debug|Any CPU.Build.0 = Debug|Any CPU
		{1A9B628B-37F9-4864-8B78-45513BE01A55}.Release|Any CPU.ActiveCfg = Release|Any CPU
		{1A9B628B-37F9-4864-8B78-45513BE01A55}.Release|Any CPU.Build.0 = Release|Any CPU
	EndGlobalSection
EndGlobal
